
Microsoft Visual Studio Solution File, Format Version 12.00
# Visual Studio Version 16
VisualStudioVersion = 16.0.29102.190
MinimumVisualStudioVersion = 10.0.40219.1
Project("{FAE04EC0-301F-11D3-BF4B-00C04F79EFBC}") = "CheckAVRO", "CheckAVRO.csproj", "{4AC75146-45EB-4EB5-B200-3F1260290C8D}"
EndProject
Global
	GlobalSection(SolutionConfigurationPlatforms) = preSolution
		Debug|Any CPU = Debug|Any CPU
		Release|Any CPU = Release|Any CPU
	EndGlobalSection
	GlobalSection(ProjectConfigurationPlatforms) = postSolution
		{4AC75146-45EB-4EB5-B200-3F1260290C8D}.Debug|Any CPU.ActiveCfg = Debug|Any CPU
		{4AC75146-45EB-4EB5-B200-3F1260290C8D}.Debug|Any CPU.Build.0 = Debug|Any CPU
		{4AC75146-45EB-4EB5-B200-3F1260290C8D}.Release|Any CPU.ActiveCfg = Release|Any CPU
		{4AC75146-45EB-4EB5-B200-3F1260290C8D}.Release|Any CPU.Build.0 = Release|Any CPU
	EndGlobalSection
	GlobalSection(SolutionProperties) = preSolution
		HideSolutionNode = FALSE
	EndGlobalSection
	GlobalSection(ExtensibilityGlobals) = postSolution
		SolutionGuid = {B1F2191F-55F1-4609-A11A-13333828713F}
	EndGlobalSection
EndGlobal
